
Microsoft Visual Studio Solution File, Format Version 12.00
# Visual Studio Version 17
VisualStudioVersion = 17.3.32811.315
MinimumVisualStudioVersion = 10.0.40219.1
Project("{FAE04EC0-301F-11D3-BF4B-00C04F79EFBC}") = "ip_prevody", "ip_prevody\ip_prevody.csproj", "{24287A0D-DCCA-48A6-9580-5954C3CE4B5F}"
EndProject
Global
	GlobalSection(SolutionConfigurationPlatforms) = preSolution
		Debug|Any CPU = Debug|Any CPU
		Release|Any CPU = Release|Any CPU
	EndGlobalSection
	GlobalSection(ProjectConfigurationPlatforms) = postSolution
		{24287A0D-DCCA-48A6-9580-5954C3CE4B5F}.Debug|Any CPU.ActiveCfg = Debug|Any CPU
		{24287A0D-DCCA-48A6-9580-5954C3CE4B5F}.Debug|Any CPU.Build.0 = Debug|Any CPU
		{24287A0D-DCCA-48A6-9580-5954C3CE4B5F}.Release|Any CPU.ActiveCfg = Release|Any CPU
		{24287A0D-DCCA-48A6-9580-5954C3CE4B5F}.Release|Any CPU.Build.0 = Release|Any CPU
	EndGlobalSection
	GlobalSection(SolutionProperties) = preSolution
		HideSolutionNode = FALSE
	EndGlobalSection
	GlobalSection(ExtensibilityGlobals) = postSolution
		SolutionGuid = {FADB1889-A3C1-4359-8D87-FD2C7A6695B2}
	EndGlobalSection
EndGlobal
